{
  "name": "sourcemint-loader-js",
  "version": "0.3.6",
  "dependencies": {
    "q": {
      "version": "0.8.2",
      "dependencies": {
        "event-queue": {
          "version": "0.2.0"
        }
      }
    },
    "sourcemint-platform-nodejs": {
      "version": "0.4.0",
      "dependencies": {
        "q": {
          "version": "0.8.5"
        },
        "sourcemint-bundler-js": {
          "version": "0.3.5",
          "dependencies": {
            "n-util": {
              "version": "0.0.1"
            },
            "q": {
              "version": "0.8.2",
              "dependencies": {
                "event-queue": {
                  "version": "0.2.0"
                }
              }
            },
            "glob": {
              "version": "3.1.4",
              "dependencies": {
                "minimatch": {
                  "version": "0.2.0",
                  "dependencies": {
                    "lru-cache": {
                      "version": "1.0.5"
                    }
                  }
                },
                "graceful-fs": {
                  "version": "1.1.5",
                  "dependencies": {
                    "fast-list": {
                      "version": "1.0.2"
                    }
                  }
                },
                "inherits": {
                  "version": "1.0.0"
                }
              }
            },
            "wrench": {
              "version": "1.3.9"
            },
            "sourcemint-sdk-requirejs": {
              "version": "0.3.1",
              "dependencies": {
                "q": {
                  "version": "0.8.2",
                  "dependencies": {
                    "event-queue": {
                      "version": "0.2.0"
                    }
                  }
                },
                "requirejs": {
                  "version": "1.0.5"
                },
                "n-util": {
                  "version": "0.0.1"
                },
                "zombie": {
                  "version": "0.12.15",
                  "dependencies": {
                    "coffee-script": {
                      "version": "1.2.0"
                    },
                    "jsdom": {
                      "version": "0.2.10",
                      "dependencies": {
                        "htmlparser": {
                          "version": "1.7.5"
                        },
                        "request": {
                          "version": "2.9.153"
                        },
                        "cssom": {
                          "version": "0.2.3"
                        },
                        "contextify": {
                          "version": "0.0.7"
                        }
                      }
                    },
                    "mime": {
                      "version": "1.2.5"
                    },
                    "ws": {
                      "version": "0.4.12",
                      "dependencies": {
                        "commander": {
                          "version": "0.5.2"
                        },
                        "options": {
                          "version": "0.0.3"
                        }
                      }
                    }
                  }
                }
              }
            }
          }
        },
        "sourcemint-platform-browser": {
          "version": "0.1.4",
          "dependencies": {
            "connect": {
              "version": "1.9.1",
              "dependencies": {
                "qs": {
                  "version": "0.5.0"
                },
                "mime": {
                  "version": "1.2.6"
                },
                "formidable": {
                  "version": "1.0.11"
                }
              }
            },
            "n-util": {
              "version": "0.0.1"
            },
            "q": {
              "version": "0.8.5"
            }
          }
        },
        "detective": {
          "version": "0.1.1",
          "dependencies": {
            "uglify-js": {
              "version": "1.2.6"
            }
          }
        },
        "connect": {
          "version": "1.9.1",
          "dependencies": {
            "qs": {
              "version": "0.5.0"
            },
            "mime": {
              "version": "1.2.6"
            },
            "formidable": {
              "version": "1.0.11"
            }
          }
        },
        "n-util": {
          "version": "0.0.1"
        },
        "wrench": {
          "version": "1.3.9"
        },
        "zombie": {
          "version": "0.12.14",
          "dependencies": {
            "coffee-script": {
              "version": "1.2.0"
            },
            "jsdom": {
              "version": "0.2.10",
              "dependencies": {
                "htmlparser": {
                  "version": "1.7.4"
                },
                "request": {
                  "version": "2.9.100"
                },
                "cssom": {
                  "version": "0.2.3"
                },
                "contextify": {
                  "version": "0.0.7"
                }
              }
            },
            "mime": {
              "version": "1.2.5"
            },
            "ws": {
              "version": "0.4.6",
              "dependencies": {
                "commander": {
                  "version": "0.5.0"
                },
                "options": {
                  "version": "0.0.2"
                }
              }
            }
          }
        }
      }
    }
  }
}
